
Microsoft Visual Studio Solution File, Format Version 12.00
# Visual Studio Version 17
VisualStudioVersion = 17.14.36414.22 d17.14
MinimumVisualStudioVersion = 10.0.40219.1
Project("{FAE04EC0-301F-11D3-BF4B-00C04F79EFBC}") = "restapi.inventarios", "restapi.inventarios.csproj", "{BB440EE5-7C23-4A89-A43D-CB0A2B62226A}"
EndProject
Global
	GlobalSection(SolutionConfigurationPlatforms) = preSolution
		Debug|Any CPU = Debug|Any CPU
		Release|Any CPU = Release|Any CPU
	EndGlobalSection
	GlobalSection(ProjectConfigurationPlatforms) = postSolution
		{BB440EE5-7C23-4A89-A43D-CB0A2B62226A}.Debug|Any CPU.ActiveCfg = Debug|Any CPU
		{BB440EE5-7C23-4A89-A43D-CB0A2B62226A}.Debug|Any CPU.Build.0 = Debug|Any CPU
		{BB440EE5-7C23-4A89-A43D-CB0A2B62226A}.Release|Any CPU.ActiveCfg = Release|Any CPU
		{BB440EE5-7C23-4A89-A43D-CB0A2B62226A}.Release|Any CPU.Build.0 = Release|Any CPU
	EndGlobalSection
	GlobalSection(SolutionProperties) = preSolution
		HideSolutionNode = FALSE
	EndGlobalSection
	GlobalSection(ExtensibilityGlobals) = postSolution
		SolutionGuid = {3CFBA65C-7B09-41C5-BD9C-7CA07ACFAF9C}
	EndGlobalSection
EndGlobal
